{
  "nodes": {
    "nix-darwin": {
      "inputs": {
        "nixpkgs": [
          "nixpkgs"
        ]
      },
      "locked": {
        "lastModified": 1703415240,
        "narHash": "sha256-SgsAYwDo2wWHUdZeNKKRRT402sRzQ/rLmzxH/wqMUPw=",
        "owner": "LnL7",
        "repo": "nix-darwin",
        "rev": "f454cff5fe84adca9e8aa8d546d2c9879b789950",
        "type": "github"
      },
      "original": {
        "owner": "LnL7",
        "repo": "nix-darwin",
        "type": "github"
      }
    },
    "nixpkgs": {
      "locked": {
        "lastModified": 1703134684,
        "narHash": "sha256-SQmng1EnBFLzS7WSRyPM9HgmZP2kLJcPAz+Ug/nug6o=",
        "owner": "NixOS",
        "repo": "nixpkgs",
        "rev": "d6863cbcbbb80e71cecfc03356db1cda38919523",
        "type": "github"
      },
      "original": {
        "owner": "NixOS",
        "ref": "nixpkgs-unstable",
        "repo": "nixpkgs",
        "type": "github"
      }
    },
    "root": {
      "inputs": {
        "nix-darwin": "nix-darwin",
        "nixpkgs": "nixpkgs"
      }
    }
  },
  "root": "root",
  "version": 7
}
